// !$*UTF8*$!
{
	archiveVersion = 1;
	classes = {
	};
	objectVersion = 46;
	objects = {

/* Begin PBXBuildFile section */
		05257DA11B10E796006354A6 /* main.m in Sources */ = {isa = PBXBuildFile; fileRef = 05257DA01B10E796006354A6 /* main.m */; };
		05257DA41B10E796006354A6 /* AppDelegate.m in Sources */ = {isa = PBXBuildFile; fileRef = 05257DA31B10E796006354A6 /* AppDelegate.m */; };
		05257DA71B10E796006354A6 /* ViewController.m in Sources */ = {isa = PBXBuildFile; fileRef = 05257DA61B10E796006354A6 /* ViewController.m */; };
		05257DAC1B10E796006354A6 /* Images.xcassets in Resources */ = {isa = PBXBuildFile; fileRef = 05257DAB1B10E796006354A6 /* Images.xcassets */; };
		05257DBB1B10E796006354A6 /* DGActivityIndicatorExampleTests.m in Sources */ = {isa = PBXBuildFile; fileRef = 05257DBA1B10E796006354A6 /* DGActivityIndicatorExampleTests.m */; };
		053EEDE61B1A4A640042C92B /* DGActivityIndicatorDoubleBounceAnimation.m in Sources */ = {isa = PBXBuildFile; fileRef = 053EEDD81B1A4A640042C92B /* DGActivityIndicatorDoubleBounceAnimation.m */; };
		053EEDE71B1A4A640042C92B /* DGActivityIndicatorFiveDotsAnimation.m in Sources */ = {isa = PBXBuildFile; fileRef = 053EEDDA1B1A4A640042C92B /* DGActivityIndicatorFiveDotsAnimation.m */; };
		053EEDE81B1A4A640042C92B /* DGActivityIndicatorNineDotsAnimation.m in Sources */ = {isa = PBXBuildFile; fileRef = 053EEDDC1B1A4A640042C92B /* DGActivityIndicatorNineDotsAnimation.m */; };
		053EEDE91B1A4A640042C92B /* DGActivityIndicatorRotatingSquaresAnimation.m in Sources */ = {isa = PBXBuildFile; fileRef = 053EEDDE1B1A4A640042C92B /* DGActivityIndicatorRotatingSquaresAnimation.m */; };
		053EEDEA1B1A4A640042C92B /* DGActivityIndicatorTriplePulseAnimation.m in Sources */ = {isa = PBXBuildFile; fileRef = 053EEDE01B1A4A640042C92B /* DGActivityIndicatorTriplePulseAnimation.m */; };
		053EEDEB1B1A4A640042C92B /* DGActivityIndicatorTwoDotsAnimation.m in Sources */ = {isa = PBXBuildFile; fileRef = 053EEDE21B1A4A640042C92B /* DGActivityIndicatorTwoDotsAnimation.m */; };
		053EEDEC1B1A4A640042C92B /* DGActivityIndicatorView.m in Sources */ = {isa = PBXBuildFile; fileRef = 053EEDE51B1A4A640042C92B /* DGActivityIndicatorView.m */; };
		23413BAB1B5CDA980014C2E8 /* DGActivityIndicatorBallZigZagAnimation.m in Sources */ = {isa = PBXBuildFile; fileRef = 23413BAA1B5CDA980014C2E8 /* DGActivityIndicatorBallZigZagAnimation.m */; };
		23413BAE1B5CE4E90014C2E8 /* DGActivityIndicatorBallZigZagDeflectAnimation.m in Sources */ = {isa = PBXBuildFile; fileRef = 23413BAD1B5CE4E90014C2E8 /* DGActivityIndicatorBallZigZagDeflectAnimation.m */; };
		23413BB11B5CE78D0014C2E8 /* DGActivityIndicatorBallTrianglePathAnimation.m in Sources */ = {isa = PBXBuildFile; fileRef = 23413BB01B5CE78D0014C2E8 /* DGActivityIndicatorBallTrianglePathAnimation.m */; };
		23413BB41B5D0CD00014C2E8 /* DGActivityIndicatorBallScaleAnimation.m in Sources */ = {isa = PBXBuildFile; fileRef = 23413BB31B5D0CD00014C2E8 /* DGActivityIndicatorBallScaleAnimation.m */; };
		23413BB71B5D11160014C2E8 /* DGActivityIndicatorLineScaleAnimation.m in Sources */ = {isa = PBXBuildFile; fileRef = 23413BB61B5D11160014C2E8 /* DGActivityIndicatorLineScaleAnimation.m */; };
		23413BBA1B5D167F0014C2E8 /* DGActivityIndicatorLineScalePartyAnimation.m in Sources */ = {isa = PBXBuildFile; fileRef = 23413BB91B5D167F0014C2E8 /* DGActivityIndicatorLineScalePartyAnimation.m */; };
		23413BBD1B5D19440014C2E8 /* DGActivityIndicatorBallScaleMultipleAnimation.m in Sources */ = {isa = PBXBuildFile; fileRef = 23413BBC1B5D19440014C2E8 /* DGActivityIndicatorBallScaleMultipleAnimation.m */; };
		23413BC01B5D1ED10014C2E8 /* DGActivityIndicatorBallPulseSyncAnimation.m in Sources */ = {isa = PBXBuildFile; fileRef = 23413BBF1B5D1ED10014C2E8 /* DGActivityIndicatorBallPulseSyncAnimation.m */; };
		23413BC31B5D293A0014C2E8 /* DGActivityIndicatorBallBeatAnimation.m in Sources */ = {isa = PBXBuildFile; fileRef = 23413BC21B5D293A0014C2E8 /* DGActivityIndicatorBallBeatAnimation.m */; };
		23413BC61B5D2CC20014C2E8 /* DGActivityIndicatorLineScalePulseOutAnimation.m in Sources */ = {isa = PBXBuildFile; fileRef = 23413BC51B5D2CC20014C2E8 /* DGActivityIndicatorLineScalePulseOutAnimation.m */; };
		23413BC91B5D2E320014C2E8 /* DGActivityIndicatorLineScalePulseOutRapidAnimation.m in Sources */ = {isa = PBXBuildFile; fileRef = 23413BC81B5D2E320014C2E8 /* DGActivityIndicatorLineScalePulseOutRapidAnimation.m */; };
		23413BCC1B5D61E60014C2E8 /* DGActivityIndicatorBallScaleRippleAnimation.m in Sources */ = {isa = PBXBuildFile; fileRef = 23413BCB1B5D61E60014C2E8 /* DGActivityIndicatorBallScaleRippleAnimation.m */; };
		23413BCF1B5D66D40014C2E8 /* DGActivityIndicatorBallScaleRippleMultipleAnimation.m in Sources */ = {isa = PBXBuildFile; fileRef = 23413BCE1B5D66D40014C2E8 /* DGActivityIndicatorBallScaleRippleMultipleAnimation.m */; };
		23413BD21B5D6A480014C2E8 /* DGActivityIndicatorTriangleSkewSpinAnimation.m in Sources */ = {isa = PBXBuildFile; fileRef = 23413BD11B5D6A480014C2E8 /* DGActivityIndicatorTriangleSkewSpinAnimation.m */; };
		23413BD51B5D71B20014C2E8 /* DGActivityIndicatorBallGridBeatAnimation.m in Sources */ = {isa = PBXBuildFile; fileRef = 23413BD41B5D71B20014C2E8 /* DGActivityIndicatorBallGridBeatAnimation.m */; };
		23413BD81B5D75560014C2E8 /* DGActivityIndicatorBallGridPulseAnimation.m in Sources */ = {isa = PBXBuildFile; fileRef = 23413BD71B5D75560014C2E8 /* DGActivityIndicatorBallGridPulseAnimation.m */; };
		235E0E811B2F440900450570 /* DGActivityIndicatorThreeDotsAnimation.m in Sources */ = {isa = PBXBuildFile; fileRef = 235E0E801B2F440900450570 /* DGActivityIndicatorThreeDotsAnimation.m */; };
		2370AB121B62CE9000D36684 /* DGActivityIndicatorCookieTerminatorAnimation.m in Sources */ = {isa = PBXBuildFile; fileRef = 2370AB0B1B62CE9000D36684 /* DGActivityIndicatorCookieTerminatorAnimation.m */; };
		2370AB131B62CE9000D36684 /* DGActivityIndicatorRotatingSandglassAnimation.m in Sources */ = {isa = PBXBuildFile; fileRef = 2370AB0D1B62CE9000D36684 /* DGActivityIndicatorRotatingSandglassAnimation.m */; };
		2370AB141B62CE9000D36684 /* DGActivityIndicatorRotatingTrigonAnimation.m in Sources */ = {isa = PBXBuildFile; fileRef = 2370AB0F1B62CE9000D36684 /* DGActivityIndicatorRotatingTrigonAnimation.m */; };
		2370AB151B62CE9000D36684 /* DGActivityIndicatorTripleRingsAnimation.m in Sources */ = {isa = PBXBuildFile; fileRef = 2370AB111B62CE9000D36684 /* DGActivityIndicatorTripleRingsAnimation.m */; };
		23D76E281B5BBBAC00CD3248 /* DGActivityIndicatorBallClipRotateAnimation.m in Sources */ = {isa = PBXBuildFile; fileRef = 23D76E271B5BBBAC00CD3248 /* DGActivityIndicatorBallClipRotateAnimation.m */; };
		23D76E2B1B5BD51400CD3248 /* DGActivityIndicatorBallClipRotatePulseAnimation.m in Sources */ = {isa = PBXBuildFile; fileRef = 23D76E2A1B5BD51400CD3248 /* DGActivityIndicatorBallClipRotatePulseAnimation.m */; };
		23D76E311B5C2BF100CD3248 /* DGActivityIndicatorBallClipRotateMultipleAnimation.m in Sources */ = {isa = PBXBuildFile; fileRef = 23D76E301B5C2BF100CD3248 /* DGActivityIndicatorBallClipRotateMultipleAnimation.m */; };
		23D76E341B5CBBD700CD3248 /* DGActivityIndicatorBallRotateAnimation.m in Sources */ = {isa = PBXBuildFile; fileRef = 23D76E331B5CBBD700CD3248 /* DGActivityIndicatorBallRotateAnimation.m */; };
		23FDAB411B5B8ED3000F636A /* DGActivityIndicatorBallPulseAnimation.m in Sources */ = {isa = PBXBuildFile; fileRef = 23FDAB401B5B8ED3000F636A /* DGActivityIndicatorBallPulseAnimation.m */; };
		4B779891F5D7F9822D565959 /* DGActivityIndicatorBallSpinFadeLoader.m in Sources */ = {isa = PBXBuildFile; fileRef = 4B779BE1E0B67F4DE2C92A8E /* DGActivityIndicatorBallSpinFadeLoader.m */; };
		9094C0781D6C1814008F021A /* DGActivityIndicatorClockAnimation.m in Sources */ = {isa = PBXBuildFile; fileRef = 9094C0771D6C1814008F021A /* DGActivityIndicatorClockAnimation.m */; };
		B9D7CC551D5B59A700A9A2CE /* DGActivityIndicatorAnimation.m in Sources */ = {isa = PBXBuildFile; fileRef = B9D7CC541D5B59A700A9A2CE /* DGActivityIndicatorAnimation.m */; };
/* End PBXBuildFile section */

/* Begin PBXContainerItemProxy section */
		05257DB51B10E796006354A6 /* PBXContainerItemProxy */ = {
			isa = PBXContainerItemProxy;
			containerPortal = 05257D931B10E796006354A6 /* Project object */;
			proxyType = 1;
			remoteGlobalIDString = 05257D9A1B10E796006354A6;
			remoteInfo = DGActivityIndicatorExample;
		};
/* End PBXContainerItemProxy section */

/* Begin PBXFileReference section */
		05257D9B1B10E796006354A6 /* DGActivityIndicatorExample.app */ = {isa = PBXFileReference; explicitFileType = wrapper.application; includeInIndex = 0; path = DGActivityIndicatorExample.app; sourceTree = BUILT_PRODUCTS_DIR; };
		05257D9F1B10E796006354A6 /* Info.plist */ = {isa = PBXFileReference; lastKnownFileType = text.plist.xml; path = Info.plist; sourceTree = "<group>"; };
		05257DA01B10E796006354A6 /* main.m */ = {isa = PBXFileReference; lastKnownFileType = sourcecode.c.objc; path = main.m; sourceTree = "<group>"; };
		05257DA21B10E796006354A6 /* AppDelegate.h */ = {isa = PBXFileReference; lastKnownFileType = sourcecode.c.h; path = AppDelegate.h; sourceTree = "<group>"; };
		05257DA31B10E796006354A6 /* AppDelegate.m */ = {isa = PBXFileReference; lastKnownFileType = sourcecode.c.objc; path = AppDelegate.m; sourceTree = "<group>"; };
		05257DA51B10E796006354A6 /* ViewController.h */ = {isa = PBXFileReference; lastKnownFileType = sourcecode.c.h; path = ViewController.h; sourceTree = "<group>"; };
		05257DA61B10E796006354A6 /* ViewController.m */ = {isa = PBXFileReference; lastKnownFileType = sourcecode.c.objc; path = ViewController.m; sourceTree = "<group>"; };
		05257DAB1B10E796006354A6 /* Images.xcassets */ = {isa = PBXFileReference; lastKnownFileType = folder.assetcatalog; path = Images.xcassets; sourceTree = "<group>"; };
		05257DB41B10E796006354A6 /* DGActivityIndicatorExampleTests.xctest */ = {isa = PBXFileReference; explicitFileType = wrapper.cfbundle; includeInIndex = 0; path = DGActivityIndicatorExampleTests.xctest; sourceTree = BUILT_PRODUCTS_DIR; };
		05257DB91B10E796006354A6 /* Info.plist */ = {isa = PBXFileReference; lastKnownFileType = text.plist.xml; path = Info.plist; sourceTree = "<group>"; };
		05257DBA1B10E796006354A6 /* DGActivityIndicatorExampleTests.m */ = {isa = PBXFileReference; lastKnownFileType = sourcecode.c.objc; path = DGActivityIndicatorExampleTests.m; sourceTree = "<group>"; };
		053EEDD71B1A4A640042C92B /* DGActivityIndicatorDoubleBounceAnimation.h */ = {isa = PBXFileReference; fileEncoding = 4; lastKnownFileType = sourcecode.c.h; path = DGActivityIndicatorDoubleBounceAnimation.h; sourceTree = "<group>"; };
		053EEDD81B1A4A640042C92B /* DGActivityIndicatorDoubleBounceAnimation.m */ = {isa = PBXFileReference; fileEncoding = 4; lastKnownFileType = sourcecode.c.objc; path = DGActivityIndicatorDoubleBounceAnimation.m; sourceTree = "<group>"; };
		053EEDD91B1A4A640042C92B /* DGActivityIndicatorFiveDotsAnimation.h */ = {isa = PBXFileReference; fileEncoding = 4; lastKnownFileType = sourcecode.c.h; path = DGActivityIndicatorFiveDotsAnimation.h; sourceTree = "<group>"; };
		053EEDDA1B1A4A640042C92B /* DGActivityIndicatorFiveDotsAnimation.m */ = {isa = PBXFileReference; fileEncoding = 4; lastKnownFileType = sourcecode.c.objc; path = DGActivityIndicatorFiveDotsAnimation.m; sourceTree = "<group>"; };
		053EEDDB1B1A4A640042C92B /* DGActivityIndicatorNineDotsAnimation.h */ = {isa = PBXFileReference; fileEncoding = 4; lastKnownFileType = sourcecode.c.h; path = DGActivityIndicatorNineDotsAnimation.h; sourceTree = "<group>"; };
		053EEDDC1B1A4A640042C92B /* DGActivityIndicatorNineDotsAnimation.m */ = {isa = PBXFileReference; fileEncoding = 4; lastKnownFileType = sourcecode.c.objc; path = DGActivityIndicatorNineDotsAnimation.m; sourceTree = "<group>"; };
		053EEDDD1B1A4A640042C92B /* DGActivityIndicatorRotatingSquaresAnimation.h */ = {isa = PBXFileReference; fileEncoding = 4; lastKnownFileType = sourcecode.c.h; path = DGActivityIndicatorRotatingSquaresAnimation.h; sourceTree = "<group>"; };
		053EEDDE1B1A4A640042C92B /* DGActivityIndicatorRotatingSquaresAnimation.m */ = {isa = PBXFileReference; fileEncoding = 4; lastKnownFileType = sourcecode.c.objc; path = DGActivityIndicatorRotatingSquaresAnimation.m; sourceTree = "<group>"; };
		053EEDDF1B1A4A640042C92B /* DGActivityIndicatorTriplePulseAnimation.h */ = {isa = PBXFileReference; fileEncoding = 4; lastKnownFileType = sourcecode.c.h; path = DGActivityIndicatorTriplePulseAnimation.h; sourceTree = "<group>"; };
		053EEDE01B1A4A640042C92B /* DGActivityIndicatorTriplePulseAnimation.m */ = {isa = PBXFileReference; fileEncoding = 4; lastKnownFileType = sourcecode.c.objc; path = DGActivityIndicatorTriplePulseAnimation.m; sourceTree = "<group>"; };
		053EEDE11B1A4A640042C92B /* DGActivityIndicatorTwoDotsAnimation.h */ = {isa = PBXFileReference; fileEncoding = 4; lastKnownFileType = sourcecode.c.h; path = DGActivityIndicatorTwoDotsAnimation.h; sourceTree = "<group>"; };
		053EEDE21B1A4A640042C92B /* DGActivityIndicatorTwoDotsAnimation.m */ = {isa = PBXFileReference; fileEncoding = 4; lastKnownFileType = sourcecode.c.objc; path = DGActivityIndicatorTwoDotsAnimation.m; sourceTree = "<group>"; };
		053EEDE31B1A4A640042C92B /* DGActivityIndicatorAnimationProtocol.h */ = {isa = PBXFileReference; fileEncoding = 4; lastKnownFileType = sourcecode.c.h; path = DGActivityIndicatorAnimationProtocol.h; sourceTree = "<group>"; };
		053EEDE41B1A4A640042C92B /* DGActivityIndicatorView.h */ = {isa = PBXFileReference; fileEncoding = 4; lastKnownFileType = sourcecode.c.h; path = DGActivityIndicatorView.h; sourceTree = "<group>"; };
		053EEDE51B1A4A640042C92B /* DGActivityIndicatorView.m */ = {isa = PBXFileReference; fileEncoding = 4; lastKnownFileType = sourcecode.c.objc; path = DGActivityIndicatorView.m; sourceTree = "<group>"; };
		23413BA91B5CDA980014C2E8 /* DGActivityIndicatorBallZigZagAnimation.h */ = {isa = PBXFileReference; fileEncoding = 4; lastKnownFileType = sourcecode.c.h; path = DGActivityIndicatorBallZigZagAnimation.h; sourceTree = "<group>"; };
		23413BAA1B5CDA980014C2E8 /* DGActivityIndicatorBallZigZagAnimation.m */ = {isa = PBXFileReference; fileEncoding = 4; lastKnownFileType = sourcecode.c.objc; path = DGActivityIndicatorBallZigZagAnimation.m; sourceTree = "<group>"; };
		23413BAC1B5CE4E90014C2E8 /* DGActivityIndicatorBallZigZagDeflectAnimation.h */ = {isa = PBXFileReference; fileEncoding = 4; lastKnownFileType = sourcecode.c.h; path = DGActivityIndicatorBallZigZagDeflectAnimation.h; sourceTree = "<group>"; };
		23413BAD1B5CE4E90014C2E8 /* DGActivityIndicatorBallZigZagDeflectAnimation.m */ = {isa = PBXFileReference; fileEncoding = 4; lastKnownFileType = sourcecode.c.objc; path = DGActivityIndicatorBallZigZagDeflectAnimation.m; sourceTree = "<group>"; };
		23413BAF1B5CE78D0014C2E8 /* DGActivityIndicatorBallTrianglePathAnimation.h */ = {isa = PBXFileReference; fileEncoding = 4; lastKnownFileType = sourcecode.c.h; path = DGActivityIndicatorBallTrianglePathAnimation.h; sourceTree = "<group>"; };
		23413BB01B5CE78D0014C2E8 /* DGActivityIndicatorBallTrianglePathAnimation.m */ = {isa = PBXFileReference; fileEncoding = 4; lastKnownFileType = sourcecode.c.objc; path = DGActivityIndicatorBallTrianglePathAnimation.m; sourceTree = "<group>"; };
		23413BB21B5D0CD00014C2E8 /* DGActivityIndicatorBallScaleAnimation.h */ = {isa = PBXFileReference; fileEncoding = 4; lastKnownFileType = sourcecode.c.h; path = DGActivityIndicatorBallScaleAnimation.h; sourceTree = "<group>"; };
		23413BB31B5D0CD00014C2E8 /* DGActivityIndicatorBallScaleAnimation.m */ = {isa = PBXFileReference; fileEncoding = 4; lastKnownFileType = sourcecode.c.objc; path = DGActivityIndicatorBallScaleAnimation.m; sourceTree = "<group>"; };
		23413BB51B5D11160014C2E8 /* DGActivityIndicatorLineScaleAnimation.h */ = {isa = PBXFileReference; fileEncoding = 4; lastKnownFileType = sourcecode.c.h; path = DGActivityIndicatorLineScaleAnimation.h; sourceTree = "<group>"; };
		23413BB61B5D11160014C2E8 /* DGActivityIndicatorLineScaleAnimation.m */ = {isa = PBXFileReference; fileEncoding = 4; lastKnownFileType = sourcecode.c.objc; path = DGActivityIndicatorLineScaleAnimation.m; sourceTree = "<group>"; };
		23413BB81B5D167F0014C2E8 /* DGActivityIndicatorLineScalePartyAnimation.h */ = {isa = PBXFileReference; fileEncoding = 4; lastKnownFileType = sourcecode.c.h; path = DGActivityIndicatorLineScalePartyAnimation.h; sourceTree = "<group>"; };
		23413BB91B5D167F0014C2E8 /* DGActivityIndicatorLineScalePartyAnimation.m */ = {isa = PBXFileReference; fileEncoding = 4; lastKnownFileType = sourcecode.c.objc; path = DGActivityIndicatorLineScalePartyAnimation.m; sourceTree = "<group>"; };
		23413BBB1B5D19440014C2E8 /* DGActivityIndicatorBallScaleMultipleAnimation.h */ = {isa = PBXFileReference; fileEncoding = 4; lastKnownFileType = sourcecode.c.h; path = DGActivityIndicatorBallScaleMultipleAnimation.h; sourceTree = "<group>"; };
		23413BBC1B5D19440014C2E8 /* DGActivityIndicatorBallScaleMultipleAnimation.m */ = {isa = PBXFileReference; fileEncoding = 4; lastKnownFileType = sourcecode.c.objc; path = DGActivityIndicatorBallScaleMultipleAnimation.m; sourceTree = "<group>"; };
		23413BBE1B5D1ED10014C2E8 /* DGActivityIndicatorBallPulseSyncAnimation.h */ = {isa = PBXFileReference; fileEncoding = 4; lastKnownFileType = sourcecode.c.h; path = DGActivityIndicatorBallPulseSyncAnimation.h; sourceTree = "<group>"; };
		23413BBF1B5D1ED10014C2E8 /* DGActivityIndicatorBallPulseSyncAnimation.m */ = {isa = PBXFileReference; fileEncoding = 4; lastKnownFileType = sourcecode.c.objc; path = DGActivityIndicatorBallPulseSyncAnimation.m; sourceTree = "<group>"; };
		23413BC11B5D293A0014C2E8 /* DGActivityIndicatorBallBeatAnimation.h */ = {isa = PBXFileReference; fileEncoding = 4; lastKnownFileType = sourcecode.c.h; path = DGActivityIndicatorBallBeatAnimation.h; sourceTree = "<group>"; };
		23413BC21B5D293A0014C2E8 /* DGActivityIndicatorBallBeatAnimation.m */ = {isa = PBXFileReference; fileEncoding = 4; lastKnownFileType = sourcecode.c.objc; path = DGActivityIndicatorBallBeatAnimation.m; sourceTree = "<group>"; };
		23413BC41B5D2CC20014C2E8 /* DGActivityIndicatorLineScalePulseOutAnimation.h */ = {isa = PBXFileReference; fileEncoding = 4; lastKnownFileType = sourcecode.c.h; path = DGActivityIndicatorLineScalePulseOutAnimation.h; sourceTree = "<group>"; };
		23413BC51B5D2CC20014C2E8 /* DGActivityIndicatorLineScalePulseOutAnimation.m */ = {isa = PBXFileReference; fileEncoding = 4; lastKnownFileType = sourcecode.c.objc; path = DGActivityIndicatorLineScalePulseOutAnimation.m; sourceTree = "<group>"; };
		23413BC71B5D2E320014C2E8 /* DGActivityIndicatorLineScalePulseOutRapidAnimation.h */ = {isa = PBXFileReference; fileEncoding = 4; lastKnownFileType = sourcecode.c.h; path = DGActivityIndicatorLineScalePulseOutRapidAnimation.h; sourceTree = "<group>"; };
		23413BC81B5D2E320014C2E8 /* DGActivityIndicatorLineScalePulseOutRapidAnimation.m */ = {isa = PBXFileReference; fileEncoding = 4; lastKnownFileType = sourcecode.c.objc; path = DGActivityIndicatorLineScalePulseOutRapidAnimation.m; sourceTree = "<group>"; };
		23413BCA1B5D61E60014C2E8 /* DGActivityIndicatorBallScaleRippleAnimation.h */ = {isa = PBXFileReference; fileEncoding = 4; lastKnownFileType = sourcecode.c.h; path = DGActivityIndicatorBallScaleRippleAnimation.h; sourceTree = "<group>"; };
		23413BCB1B5D61E60014C2E8 /* DGActivityIndicatorBallScaleRippleAnimation.m */ = {isa = PBXFileReference; fileEncoding = 4; lastKnownFileType = sourcecode.c.objc; path = DGActivityIndicatorBallScaleRippleAnimation.m; sourceTree = "<group>"; };
		23413BCD1B5D66D40014C2E8 /* DGActivityIndicatorBallScaleRippleMultipleAnimation.h */ = {isa = PBXFileReference; fileEncoding = 4; lastKnownFileType = sourcecode.c.h; path = DGActivityIndicatorBallScaleRippleMultipleAnimation.h; sourceTree = "<group>"; };
		23413BCE1B5D66D40014C2E8 /* DGActivityIndicatorBallScaleRippleMultipleAnimation.m */ = {isa = PBXFileReference; fileEncoding = 4; lastKnownFileType = sourcecode.c.objc; path = DGActivityIndicatorBallScaleRippleMultipleAnimation.m; sourceTree = "<group>"; };
		23413BD01B5D6A480014C2E8 /* DGActivityIndicatorTriangleSkewSpinAnimation.h */ = {isa = PBXFileReference; fileEncoding = 4; lastKnownFileType = sourcecode.c.h; path = DGActivityIndicatorTriangleSkewSpinAnimation.h; sourceTree = "<group>"; };
		23413BD11B5D6A480014C2E8 /* DGActivityIndicatorTriangleSkewSpinAnimation.m */ = {isa = PBXFileReference; fileEncoding = 4; lastKnownFileType = sourcecode.c.objc; path = DGActivityIndicatorTriangleSkewSpinAnimation.m; sourceTree = "<group>"; };
		23413BD31B5D71B20014C2E8 /* DGActivityIndicatorBallGridBeatAnimation.h */ = {isa = PBXFileReference; fileEncoding = 4; lastKnownFileType = sourcecode.c.h; path = DGActivityIndicatorBallGridBeatAnimation.h; sourceTree = "<group>"; };
		23413BD41B5D71B20014C2E8 /* DGActivityIndicatorBallGridBeatAnimation.m */ = {isa = PBXFileReference; fileEncoding = 4; lastKnownFileType = sourcecode.c.objc; path = DGActivityIndicatorBallGridBeatAnimation.m; sourceTree = "<group>"; };
		23413BD61B5D75560014C2E8 /* DGActivityIndicatorBallGridPulseAnimation.h */ = {isa = PBXFileReference; fileEncoding = 4; lastKnownFileType = sourcecode.c.h; path = DGActivityIndicatorBallGridPulseAnimation.h; sourceTree = "<group>"; };
		23413BD71B5D75560014C2E8 /* DGActivityIndicatorBallGridPulseAnimation.m */ = {isa = PBXFileReference; fileEncoding = 4; lastKnownFileType = sourcecode.c.objc; path = DGActivityIndicatorBallGridPulseAnimation.m; sourceTree = "<group>"; };
		235E0E7F1B2F440900450570 /* DGActivityIndicatorThreeDotsAnimation.h */ = {isa = PBXFileReference; fileEncoding = 4; lastKnownFileType = sourcecode.c.h; path = DGActivityIndicatorThreeDotsAnimation.h; sourceTree = "<group>"; };
		235E0E801B2F440900450570 /* DGActivityIndicatorThreeDotsAnimation.m */ = {isa = PBXFileReference; fileEncoding = 4; lastKnownFileType = sourcecode.c.objc; path = DGActivityIndicatorThreeDotsAnimation.m; sourceTree = "<group>"; };
		2370AB0A1B62CE9000D36684 /* DGActivityIndicatorCookieTerminatorAnimation.h */ = {isa = PBXFileReference; fileEncoding = 4; lastKnownFileType = sourcecode.c.h; path = DGActivityIndicatorCookieTerminatorAnimation.h; sourceTree = "<group>"; };
		2370AB0B1B62CE9000D36684 /* DGActivityIndicatorCookieTerminatorAnimation.m */ = {isa = PBXFileReference; fileEncoding = 4; lastKnownFileType = sourcecode.c.objc; path = DGActivityIndicatorCookieTerminatorAnimation.m; sourceTree = "<group>"; };
		2370AB0C1B62CE9000D36684 /* DGActivityIndicatorRotatingSandglassAnimation.h */ = {isa = PBXFileReference; fileEncoding = 4; lastKnownFileType = sourcecode.c.h; path = DGActivityIndicatorRotatingSandglassAnimation.h; sourceTree = "<group>"; };
		2370AB0D1B62CE9000D36684 /* DGActivityIndicatorRotatingSandglassAnimation.m */ = {isa = PBXFileReference; fileEncoding = 4; lastKnownFileType = sourcecode.c.objc; path = DGActivityIndicatorRotatingSandglassAnimation.m; sourceTree = "<group>"; };
		2370AB0E1B62CE9000D36684 /* DGActivityIndicatorRotatingTrigonAnimation.h */ = {isa = PBXFileReference; fileEncoding = 4; lastKnownFileType = sourcecode.c.h; path = DGActivityIndicatorRotatingTrigonAnimation.h; sourceTree = "<group>"; };
		2370AB0F1B62CE9000D36684 /* DGActivityIndicatorRotatingTrigonAnimation.m */ = {isa = PBXFileReference; fileEncoding = 4; lastKnownFileType = sourcecode.c.objc; path = DGActivityIndicatorRotatingTrigonAnimation.m; sourceTree = "<group>"; };
		2370AB101B62CE9000D36684 /* DGActivityIndicatorTripleRingsAnimation.h */ = {isa = PBXFileReference; fileEncoding = 4; lastKnownFileType = sourcecode.c.h; path = DGActivityIndicatorTripleRingsAnimation.h; sourceTree = "<group>"; };
		2370AB111B62CE9000D36684 /* DGActivityIndicatorTripleRingsAnimation.m */ = {isa = PBXFileReference; fileEncoding = 4; lastKnownFileType = sourcecode.c.objc; path = DGActivityIndicatorTripleRingsAnimation.m; sourceTree = "<group>"; };
		23D76E261B5BBBAC00CD3248 /* DGActivityIndicatorBallClipRotateAnimation.h */ = {isa = PBXFileReference; fileEncoding = 4; lastKnownFileType = sourcecode.c.h; path = DGActivityIndicatorBallClipRotateAnimation.h; sourceTree = "<group>"; };
		23D76E271B5BBBAC00CD3248 /* DGActivityIndicatorBallClipRotateAnimation.m */ = {isa = PBXFileReference; fileEncoding = 4; lastKnownFileType = sourcecode.c.objc; path = DGActivityIndicatorBallClipRotateAnimation.m; sourceTree = "<group>"; };
		23D76E291B5BD51400CD3248 /* DGActivityIndicatorBallClipRotatePulseAnimation.h */ = {isa = PBXFileReference; fileEncoding = 4; lastKnownFileType = sourcecode.c.h; path = DGActivityIndicatorBallClipRotatePulseAnimation.h; sourceTree = "<group>"; };
		23D76E2A1B5BD51400CD3248 /* DGActivityIndicatorBallClipRotatePulseAnimation.m */ = {isa = PBXFileReference; fileEncoding = 4; lastKnownFileType = sourcecode.c.objc; path = DGActivityIndicatorBallClipRotatePulseAnimation.m; sourceTree = "<group>"; };
		23D76E2F1B5C2BF100CD3248 /* DGActivityIndicatorBallClipRotateMultipleAnimation.h */ = {isa = PBXFileReference; fileEncoding = 4; lastKnownFileType = sourcecode.c.h; path = DGActivityIndicatorBallClipRotateMultipleAnimation.h; sourceTree = "<group>"; };
		23D76E301B5C2BF100CD3248 /* DGActivityIndicatorBallClipRotateMultipleAnimation.m */ = {isa = PBXFileReference; fileEncoding = 4; lastKnownFileType = sourcecode.c.objc; path = DGActivityIndicatorBallClipRotateMultipleAnimation.m; sourceTree = "<group>"; };
		23D76E321B5CBBD700CD3248 /* DGActivityIndicatorBallRotateAnimation.h */ = {isa = PBXFileReference; fileEncoding = 4; lastKnownFileType = sourcecode.c.h; path = DGActivityIndicatorBallRotateAnimation.h; sourceTree = "<group>"; };
		23D76E331B5CBBD700CD3248 /* DGActivityIndicatorBallRotateAnimation.m */ = {isa = PBXFileReference; fileEncoding = 4; lastKnownFileType = sourcecode.c.objc; path = DGActivityIndicatorBallRotateAnimation.m; sourceTree = "<group>"; };
		23FDAB3F1B5B8ED3000F636A /* DGActivityIndicatorBallPulseAnimation.h */ = {isa = PBXFileReference; fileEncoding = 4; lastKnownFileType = sourcecode.c.h; path = DGActivityIndicatorBallPulseAnimation.h; sourceTree = "<group>"; };
		23FDAB401B5B8ED3000F636A /* DGActivityIndicatorBallPulseAnimation.m */ = {isa = PBXFileReference; fileEncoding = 4; lastKnownFileType = sourcecode.c.objc; path = DGActivityIndicatorBallPulseAnimation.m; sourceTree = "<group>"; };
		4B779312B3CDCCFAC9B06727 /* DGActivityIndicatorBallSpinFadeLoader.h */ = {isa = PBXFileReference; fileEncoding = 4; lastKnownFileType = sourcecode.c.h; path = DGActivityIndicatorBallSpinFadeLoader.h; sourceTree = "<group>"; };
		4B779BE1E0B67F4DE2C92A8E /* DGActivityIndicatorBallSpinFadeLoader.m */ = {isa = PBXFileReference; fileEncoding = 4; lastKnownFileType = sourcecode.c.objc; path = DGActivityIndicatorBallSpinFadeLoader.m; sourceTree = "<group>"; };
		9094C0761D6C1814008F021A /* DGActivityIndicatorClockAnimation.h */ = {isa = PBXFileReference; fileEncoding = 4; lastKnownFileType = sourcecode.c.h; path = DGActivityIndicatorClockAnimation.h; sourceTree = "<group>"; };
		9094C0771D6C1814008F021A /* DGActivityIndicatorClockAnimation.m */ = {isa = PBXFileReference; fileEncoding = 4; lastKnownFileType = sourcecode.c.objc; path = DGActivityIndicatorClockAnimation.m; sourceTree = "<group>"; };
		B9D7CC531D5B59A700A9A2CE /* DGActivityIndicatorAnimation.h */ = {isa = PBXFileReference; fileEncoding = 4; lastKnownFileType = sourcecode.c.h; path = DGActivityIndicatorAnimation.h; sourceTree = "<group>"; };
		B9D7CC541D5B59A700A9A2CE /* DGActivityIndicatorAnimation.m */ = {isa = PBXFileReference; fileEncoding = 4; lastKnownFileType = sourcecode.c.objc; path = DGActivityIndicatorAnimation.m; sourceTree = "<group>"; };
/* End PBXFileReference section */

/* Begin PBXFrameworksBuildPhase section */
		05257D981B10E796006354A6 /* Frameworks */ = {
			isa = PBXFrameworksBuildPhase;
			buildActionMask = 2147483647;
			files = (
			);
			runOnlyForDeploymentPostprocessing = 0;
		};
		05257DB11B10E796006354A6 /* Frameworks */ = {
			isa = PBXFrameworksBuildPhase;
			buildActionMask = 2147483647;
			files = (
			);
			runOnlyForDeploymentPostprocessing = 0;
		};
/* End PBXFrameworksBuildPhase section */

/* Begin PBXGroup section */
		05257D921B10E796006354A6 = {
			isa = PBXGroup;
			children = (
				05257D9D1B10E796006354A6 /* DGActivityIndicatorExample */,
				05257DB71B10E796006354A6 /* DGActivityIndicatorExampleTests */,
				05257D9C1B10E796006354A6 /* Products */,
			);
			sourceTree = "<group>";
		};
		05257D9C1B10E796006354A6 /* Products */ = {
			isa = PBXGroup;
			children = (
				05257D9B1B10E796006354A6 /* DGActivityIndicatorExample.app */,
				05257DB41B10E796006354A6 /* DGActivityIndicatorExampleTests.xctest */,
			);
			name = Products;
			sourceTree = "<group>";
		};
		05257D9D1B10E796006354A6 /* DGActivityIndicatorExample */ = {
			isa = PBXGroup;
			children = (
				053EEDD51B1A4A640042C92B /* DGActivityIndicatorView */,
				05257DA21B10E796006354A6 /* AppDelegate.h */,
				05257DA31B10E796006354A6 /* AppDelegate.m */,
				05257DA51B10E796006354A6 /* ViewController.h */,
				05257DA61B10E796006354A6 /* ViewController.m */,
				05257DAB1B10E796006354A6 /* Images.xcassets */,
				05257D9E1B10E796006354A6 /* Supporting Files */,
			);
			path = DGActivityIndicatorExample;
			sourceTree = "<group>";
		};
		05257D9E1B10E796006354A6 /* Supporting Files */ = {
			isa = PBXGroup;
			children = (
				05257D9F1B10E796006354A6 /* Info.plist */,
				05257DA01B10E796006354A6 /* main.m */,
			);
			name = "Supporting Files";
			sourceTree = "<group>";
		};
		05257DB71B10E796006354A6 /* DGActivityIndicatorExampleTests */ = {
			isa = PBXGroup;
			children = (
				05257DBA1B10E796006354A6 /* DGActivityIndicatorExampleTests.m */,
				05257DB81B10E796006354A6 /* Supporting Files */,
			);
			path = DGActivityIndicatorExampleTests;
			sourceTree = "<group>";
		};
		05257DB81B10E796006354A6 /* Supporting Files */ = {
			isa = PBXGroup;
			children = (
				05257DB91B10E796006354A6 /* Info.plist */,
			);
			name = "Supporting Files";
			sourceTree = "<group>";
		};
		053EEDD51B1A4A640042C92B /* DGActivityIndicatorView */ = {
			isa = PBXGroup;
			children = (
				053EEDD61B1A4A640042C92B /* Animations */,
				053EEDE31B1A4A640042C92B /* DGActivityIndicatorAnimationProtocol.h */,
				053EEDE41B1A4A640042C92B /* DGActivityIndicatorView.h */,
				053EEDE51B1A4A640042C92B /* DGActivityIndicatorView.m */,
			);
			path = DGActivityIndicatorView;
			sourceTree = SOURCE_ROOT;
		};
		053EEDD61B1A4A640042C92B /* Animations */ = {
			isa = PBXGroup;
			children = (
				B9D7CC531D5B59A700A9A2CE /* DGActivityIndicatorAnimation.h */,
				B9D7CC541D5B59A700A9A2CE /* DGActivityIndicatorAnimation.m */,
				9094C0761D6C1814008F021A /* DGActivityIndicatorClockAnimation.h */,
				9094C0771D6C1814008F021A /* DGActivityIndicatorClockAnimation.m */,
				2370AB0A1B62CE9000D36684 /* DGActivityIndicatorCookieTerminatorAnimation.h */,
				2370AB0B1B62CE9000D36684 /* DGActivityIndicatorCookieTerminatorAnimation.m */,
				2370AB0C1B62CE9000D36684 /* DGActivityIndicatorRotatingSandglassAnimation.h */,
				2370AB0D1B62CE9000D36684 /* DGActivityIndicatorRotatingSandglassAnimation.m */,
				2370AB0E1B62CE9000D36684 /* DGActivityIndicatorRotatingTrigonAnimation.h */,
				2370AB0F1B62CE9000D36684 /* DGActivityIndicatorRotatingTrigonAnimation.m */,
				2370AB101B62CE9000D36684 /* DGActivityIndicatorTripleRingsAnimation.h */,
				2370AB111B62CE9000D36684 /* DGActivityIndicatorTripleRingsAnimation.m */,
				23413BD61B5D75560014C2E8 /* DGActivityIndicatorBallGridPulseAnimation.h */,
				23413BD71B5D75560014C2E8 /* DGActivityIndicatorBallGridPulseAnimation.m */,
				23413BD31B5D71B20014C2E8 /* DGActivityIndicatorBallGridBeatAnimation.h */,
				23413BD41B5D71B20014C2E8 /* DGActivityIndicatorBallGridBeatAnimation.m */,
				23413BD01B5D6A480014C2E8 /* DGActivityIndicatorTriangleSkewSpinAnimation.h */,
				23413BD11B5D6A480014C2E8 /* DGActivityIndicatorTriangleSkewSpinAnimation.m */,
				23413BCD1B5D66D40014C2E8 /* DGActivityIndicatorBallScaleRippleMultipleAnimation.h */,
				23413BCE1B5D66D40014C2E8 /* DGActivityIndicatorBallScaleRippleMultipleAnimation.m */,
				23413BCA1B5D61E60014C2E8 /* DGActivityIndicatorBallScaleRippleAnimation.h */,
				23413BCB1B5D61E60014C2E8 /* DGActivityIndicatorBallScaleRippleAnimation.m */,
				23413BC71B5D2E320014C2E8 /* DGActivityIndicatorLineScalePulseOutRapidAnimation.h */,
				23413BC81B5D2E320014C2E8 /* DGActivityIndicatorLineScalePulseOutRapidAnimation.m */,
				23413BC11B5D293A0014C2E8 /* DGActivityIndicatorBallBeatAnimation.h */,
				23413BC21B5D293A0014C2E8 /* DGActivityIndicatorBallBeatAnimation.m */,
				23413BC41B5D2CC20014C2E8 /* DGActivityIndicatorLineScalePulseOutAnimation.h */,
				23413BC51B5D2CC20014C2E8 /* DGActivityIndicatorLineScalePulseOutAnimation.m */,
				23413BBE1B5D1ED10014C2E8 /* DGActivityIndicatorBallPulseSyncAnimation.h */,
				23413BBF1B5D1ED10014C2E8 /* DGActivityIndicatorBallPulseSyncAnimation.m */,
				23413BBB1B5D19440014C2E8 /* DGActivityIndicatorBallScaleMultipleAnimation.h */,
				23413BBC1B5D19440014C2E8 /* DGActivityIndicatorBallScaleMultipleAnimation.m */,
				23413BB51B5D11160014C2E8 /* DGActivityIndicatorLineScaleAnimation.h */,
				23413BB61B5D11160014C2E8 /* DGActivityIndicatorLineScaleAnimation.m */,
				23413BB81B5D167F0014C2E8 /* DGActivityIndicatorLineScalePartyAnimation.h */,
				23413BB91B5D167F0014C2E8 /* DGActivityIndicatorLineScalePartyAnimation.m */,
				23413BB21B5D0CD00014C2E8 /* DGActivityIndicatorBallScaleAnimation.h */,
				23413BB31B5D0CD00014C2E8 /* DGActivityIndicatorBallScaleAnimation.m */,
				23413BAF1B5CE78D0014C2E8 /* DGActivityIndicatorBallTrianglePathAnimation.h */,
				23413BB01B5CE78D0014C2E8 /* DGActivityIndicatorBallTrianglePathAnimation.m */,
				23413BAC1B5CE4E90014C2E8 /* DGActivityIndicatorBallZigZagDeflectAnimation.h */,
				23413BAD1B5CE4E90014C2E8 /* DGActivityIndicatorBallZigZagDeflectAnimation.m */,
				23D76E321B5CBBD700CD3248 /* DGActivityIndicatorBallRotateAnimation.h */,
				23D76E331B5CBBD700CD3248 /* DGActivityIndicatorBallRotateAnimation.m */,
				23D76E261B5BBBAC00CD3248 /* DGActivityIndicatorBallClipRotateAnimation.h */,
				23D76E271B5BBBAC00CD3248 /* DGActivityIndicatorBallClipRotateAnimation.m */,
				053EEDD71B1A4A640042C92B /* DGActivityIndicatorDoubleBounceAnimation.h */,
				053EEDD81B1A4A640042C92B /* DGActivityIndicatorDoubleBounceAnimation.m */,
				053EEDD91B1A4A640042C92B /* DGActivityIndicatorFiveDotsAnimation.h */,
				053EEDDA1B1A4A640042C92B /* DGActivityIndicatorFiveDotsAnimation.m */,
				053EEDDB1B1A4A640042C92B /* DGActivityIndicatorNineDotsAnimation.h */,
				053EEDDC1B1A4A640042C92B /* DGActivityIndicatorNineDotsAnimation.m */,
				053EEDDD1B1A4A640042C92B /* DGActivityIndicatorRotatingSquaresAnimation.h */,
				053EEDDE1B1A4A640042C92B /* DGActivityIndicatorRotatingSquaresAnimation.m */,
				053EEDDF1B1A4A640042C92B /* DGActivityIndicatorTriplePulseAnimation.h */,
				053EEDE01B1A4A640042C92B /* DGActivityIndicatorTriplePulseAnimation.m */,
				053EEDE11B1A4A640042C92B /* DGActivityIndicatorTwoDotsAnimation.h */,
				053EEDE21B1A4A640042C92B /* DGActivityIndicatorTwoDotsAnimation.m */,
				235E0E7F1B2F440900450570 /* DGActivityIndicatorThreeDotsAnimation.h */,
				235E0E801B2F440900450570 /* DGActivityIndicatorThreeDotsAnimation.m */,
				23FDAB3F1B5B8ED3000F636A /* DGActivityIndicatorBallPulseAnimation.h */,
				23FDAB401B5B8ED3000F636A /* DGActivityIndicatorBallPulseAnimation.m */,
				23D76E291B5BD51400CD3248 /* DGActivityIndicatorBallClipRotatePulseAnimation.h */,
				23D76E2A1B5BD51400CD3248 /* DGActivityIndicatorBallClipRotatePulseAnimation.m */,
				23D76E2F1B5C2BF100CD3248 /* DGActivityIndicatorBallClipRotateMultipleAnimation.h */,
				23D76E301B5C2BF100CD3248 /* DGActivityIndicatorBallClipRotateMultipleAnimation.m */,
				23413BA91B5CDA980014C2E8 /* DGActivityIndicatorBallZigZagAnimation.h */,
				23413BAA1B5CDA980014C2E8 /* DGActivityIndicatorBallZigZagAnimation.m */,
				4B779312B3CDCCFAC9B06727 /* DGActivityIndicatorBallSpinFadeLoader.h */,
				4B779BE1E0B67F4DE2C92A8E /* DGActivityIndicatorBallSpinFadeLoader.m */,
			);
			path = Animations;
			sourceTree = "<group>";
		};
/* End PBXGroup section */

/* Begin PBXNativeTarget section */
		05257D9A1B10E796006354A6 /* DGActivityIndicatorExample */ = {
			isa = PBXNativeTarget;
			buildConfigurationList = 05257DBE1B10E796006354A6 /* Build configuration list for PBXNativeTarget "DGActivityIndicatorExample" */;
			buildPhases = (
				05257D971B10E796006354A6 /* Sources */,
				05257D981B10E796006354A6 /* Frameworks */,
				05257D991B10E796006354A6 /* Resources */,
			);
			buildRules = (
			);
			dependencies = (
			);
			name = DGActivityIndicatorExample;
			productName = DGActivityIndicatorExample;
			productReference = 05257D9B1B10E796006354A6 /* DGActivityIndicatorExample.app */;
			productType = "com.apple.product-type.application";
		};
		05257DB31B10E796006354A6 /* DGActivityIndicatorExampleTests */ = {
			isa = PBXNativeTarget;
			buildConfigurationList = 05257DC11B10E796006354A6 /* Build configuration list for PBXNativeTarget "DGActivityIndicatorExampleTests" */;
			buildPhases = (
				05257DB01B10E796006354A6 /* Sources */,
				05257DB11B10E796006354A6 /* Frameworks */,
				05257DB21B10E796006354A6 /* Resources */,
			);
			buildRules = (
			);
			dependencies = (
				05257DB61B10E796006354A6 /* PBXTargetDependency */,
			);
			name = DGActivityIndicatorExampleTests;
			productName = DGActivityIndicatorExampleTests;
			productReference = 05257DB41B10E796006354A6 /* DGActivityIndicatorExampleTests.xctest */;
			productType = "com.apple.product-type.bundle.unit-test";
		};
/* End PBXNativeTarget section */

/* Begin PBXProject section */
		05257D931B10E796006354A6 /* Project object */ = {
			isa = PBXProject;
			attributes = {
				LastUpgradeCheck = 0700;
				ORGANIZATIONNAME = "Danil Gontovnik";
				TargetAttributes = {
					05257D9A1B10E796006354A6 = {
						CreatedOnToolsVersion = 6.3.1;
					};
					05257DB31B10E796006354A6 = {
						CreatedOnToolsVersion = 6.3.1;
						TestTargetID = 05257D9A1B10E796006354A6;
					};
				};
			};
			buildConfigurationList = 05257D961B10E796006354A6 /* Build configuration list for PBXProject "DGActivityIndicatorExample" */;
			compatibilityVersion = "Xcode 3.2";
			developmentRegion = English;
			hasScannedForEncodings = 0;
			knownRegions = (
				en,
				Base,
			);
			mainGroup = 05257D921B10E796006354A6;
			productRefGroup = 05257D9C1B10E796006354A6 /* Products */;
			projectDirPath = "";
			projectRoot = "";
			targets = (
				05257D9A1B10E796006354A6 /* DGActivityIndicatorExample */,
				05257DB31B10E796006354A6 /* DGActivityIndicatorExampleTests */,
			);
		};
/* End PBXProject section */

/* Begin PBXResourcesBuildPhase section */
		05257D991B10E796006354A6 /* Resources */ = {
			isa = PBXResourcesBuildPhase;
			buildActionMask = 2147483647;
			files = (
				05257DAC1B10E796006354A6 /* Images.xcassets in Resources */,
			);
			runOnlyForDeploymentPostprocessing = 0;
		};
		05257DB21B10E796006354A6 /* Resources */ = {
			isa = PBXResourcesBuildPhase;
			buildActionMask = 2147483647;
			files = (
			);
			runOnlyForDeploymentPostprocessing = 0;
		};
/* End PBXResourcesBuildPhase section */

/* Begin PBXSourcesBuildPhase section */
		05257D971B10E796006354A6 /* Sources */ = {
			isa = PBXSourcesBuildPhase;
			buildActionMask = 2147483647;
			files = (
				B9D7CC551D5B59A700A9A2CE /* DGActivityIndicatorAnimation.m in Sources */,
				2370AB151B62CE9000D36684 /* DGActivityIndicatorTripleRingsAnimation.m in Sources */,
				23D76E311B5C2BF100CD3248 /* DGActivityIndicatorBallClipRotateMultipleAnimation.m in Sources */,
				053EEDE71B1A4A640042C92B /* DGActivityIndicatorFiveDotsAnimation.m in Sources */,
				23413BD21B5D6A480014C2E8 /* DGActivityIndicatorTriangleSkewSpinAnimation.m in Sources */,
				2370AB131B62CE9000D36684 /* DGActivityIndicatorRotatingSandglassAnimation.m in Sources */,
				23D76E341B5CBBD700CD3248 /* DGActivityIndicatorBallRotateAnimation.m in Sources */,
				23413BCF1B5D66D40014C2E8 /* DGActivityIndicatorBallScaleRippleMultipleAnimation.m in Sources */,
				23413BD81B5D75560014C2E8 /* DGActivityIndicatorBallGridPulseAnimation.m in Sources */,
				235E0E811B2F440900450570 /* DGActivityIndicatorThreeDotsAnimation.m in Sources */,
				23413BBA1B5D167F0014C2E8 /* DGActivityIndicatorLineScalePartyAnimation.m in Sources */,
				23413BD51B5D71B20014C2E8 /* DGActivityIndicatorBallGridBeatAnimation.m in Sources */,
				9094C0781D6C1814008F021A /* DGActivityIndicatorClockAnimation.m in Sources */,
				05257DA71B10E796006354A6 /* ViewController.m in Sources */,
				053EEDEC1B1A4A640042C92B /* DGActivityIndicatorView.m in Sources */,
				053EEDEA1B1A4A640042C92B /* DGActivityIndicatorTriplePulseAnimation.m in Sources */,
				23413BC61B5D2CC20014C2E8 /* DGActivityIndicatorLineScalePulseOutAnimation.m in Sources */,
				23413BC31B5D293A0014C2E8 /* DGActivityIndicatorBallBeatAnimation.m in Sources */,
				053EEDE81B1A4A640042C92B /* DGActivityIndicatorNineDotsAnimation.m in Sources */,
				053EEDE61B1A4A640042C92B /* DGActivityIndicatorDoubleBounceAnimation.m in Sources */,
				053EEDEB1B1A4A640042C92B /* DGActivityIndicatorTwoDotsAnimation.m in Sources */,
				05257DA41B10E796006354A6 /* AppDelegate.m in Sources */,
				05257DA11B10E796006354A6 /* main.m in Sources */,
				2370AB121B62CE9000D36684 /* DGActivityIndicatorCookieTerminatorAnimation.m in Sources */,
				23413BB11B5CE78D0014C2E8 /* DGActivityIndicatorBallTrianglePathAnimation.m in Sources */,
				053EEDE91B1A4A640042C92B /* DGActivityIndicatorRotatingSquaresAnimation.m in Sources */,
				2370AB141B62CE9000D36684 /* DGActivityIndicatorRotatingTrigonAnimation.m in Sources */,
				23FDAB411B5B8ED3000F636A /* DGActivityIndicatorBallPulseAnimation.m in Sources */,
				23413BB71B5D11160014C2E8 /* DGActivityIndicatorLineScaleAnimation.m in Sources */,
				23D76E2B1B5BD51400CD3248 /* DGActivityIndicatorBallClipRotatePulseAnimation.m in Sources */,
				23D76E281B5BBBAC00CD3248 /* DGActivityIndicatorBallClipRotateAnimation.m in Sources */,
				23413BCC1B5D61E60014C2E8 /* DGActivityIndicatorBallScaleRippleAnimation.m in Sources */,
				23413BBD1B5D19440014C2E8 /* DGActivityIndicatorBallScaleMultipleAnimation.m in Sources */,
				23413BC01B5D1ED10014C2E8 /* DGActivityIndicatorBallPulseSyncAnimation.m in Sources */,
				23413BC91B5D2E320014C2E8 /* DGActivityIndicatorLineScalePulseOutRapidAnimation.m in Sources */,
				23413BAB1B5CDA980014C2E8 /* DGActivityIndicatorBallZigZagAnimation.m in Sources */,
				23413BB41B5D0CD00014C2E8 /* DGActivityIndicatorBallScaleAnimation.m in Sources */,
				23413BAE1B5CE4E90014C2E8 /* DGActivityIndicatorBallZigZagDeflectAnimation.m in Sources */,
				4B779891F5D7F9822D565959 /* DGActivityIndicatorBallSpinFadeLoader.m in Sources */,
			);
			runOnlyForDeploymentPostprocessing = 0;
		};
		05257DB01B10E796006354A6 /* Sources */ = {
			isa = PBXSourcesBuildPhase;
			buildActionMask = 2147483647;
			files = (
				05257DBB1B10E796006354A6 /* DGActivityIndicatorExampleTests.m in Sources */,
			);
			runOnlyForDeploymentPostprocessing = 0;
		};
/* End PBXSourcesBuildPhase section */

/* Begin PBXTargetDependency section */
		05257DB61B10E796006354A6 /* PBXTargetDependency */ = {
			isa = PBXTargetDependency;
			target = 05257D9A1B10E796006354A6 /* DGActivityIndicatorExample */;
			targetProxy = 05257DB51B10E796006354A6 /* PBXContainerItemProxy */;
		};
/* End PBXTargetDependency section */

/* Begin XCBuildConfiguration section */
		05257DBC1B10E796006354A6 /* Debug */ = {
			isa = XCBuildConfiguration;
			buildSettings = {
				ALWAYS_SEARCH_USER_PATHS = NO;
				CLANG_CXX_LANGUAGE_STANDARD = "gnu++0x";
				CLANG_CXX_LIBRARY = "libc++";
				CLANG_ENABLE_MODULES = YES;
				CLANG_ENABLE_OBJC_ARC = YES;
				CLANG_WARN_BOOL_CONVERSION = YES;
				CLANG_WARN_CONSTANT_CONVERSION = YES;
				CLANG_WARN_DIRECT_OBJC_ISA_USAGE = YES_ERROR;
				CLANG_WARN_EMPTY_BODY = YES;
				CLANG_WARN_ENUM_CONVERSION = YES;
				CLANG_WARN_INT_CONVERSION = YES;
				CLANG_WARN_OBJC_ROOT_CLASS = YES_ERROR;
				CLANG_WARN_UNREACHABLE_CODE = YES;
				CLANG_WARN__DUPLICATE_METHOD_MATCH = YES;
				"CODE_SIGN_IDENTITY[sdk=iphoneos*]" = "iPhone Developer";
				COPY_PHASE_STRIP = NO;
				DEBUG_INFORMATION_FORMAT = "dwarf-with-dsym";
				ENABLE_STRICT_OBJC_MSGSEND = YES;
				ENABLE_TESTABILITY = YES;
				GCC_C_LANGUAGE_STANDARD = gnu99;
				GCC_DYNAMIC_NO_PIC = NO;
				GCC_NO_COMMON_BLOCKS = YES;
				GCC_OPTIMIZATION_LEVEL = 0;
				GCC_PREPROCESSOR_DEFINITIONS = (
					"DEBUG=1",
					"$(inherited)",
				);
				GCC_SYMBOLS_PRIVATE_EXTERN = NO;
				GCC_WARN_64_TO_32_BIT_CONVERSION = YES;
				GCC_WARN_ABOUT_RETURN_TYPE = YES_ERROR;
				GCC_WARN_UNDECLARED_SELECTOR = YES;
				GCC_WARN_UNINITIALIZED_AUTOS = YES_AGGRESSIVE;
				GCC_WARN_UNUSED_FUNCTION = YES;
				GCC_WARN_UNUSED_VARIABLE = YES;
				IPHONEOS_DEPLOYMENT_TARGET = 8.3;
				MTL_ENABLE_DEBUG_INFO = YES;
				ONLY_ACTIVE_ARCH = YES;
				SDKROOT = iphoneos;
			};
			name = Debug;
		};
		05257DBD1B10E796006354A6 /* Release */ = {
			isa = XCBuildConfiguration;
			buildSettings = {
				ALWAYS_SEARCH_USER_PATHS = NO;
				CLANG_CXX_LANGUAGE_STANDARD = "gnu++0x";
				CLANG_CXX_LIBRARY = "libc++";
				CLANG_ENABLE_MODULES = YES;
				CLANG_ENABLE_OBJC_ARC = YES;
				CLANG_WARN_BOOL_CONVERSION = YES;
				CLANG_WARN_CONSTANT_CONVERSION = YES;
				CLANG_WARN_DIRECT_OBJC_ISA_USAGE = YES_ERROR;
				CLANG_WARN_EMPTY_BODY = YES;
				CLANG_WARN_ENUM_CONVERSION = YES;
				CLANG_WARN_INT_CONVERSION = YES;
				CLANG_WARN_OBJC_ROOT_CLASS = YES_ERROR;
				CLANG_WARN_UNREACHABLE_CODE = YES;
				CLANG_WARN__DUPLICATE_METHOD_MATCH = YES;
				"CODE_SIGN_IDENTITY[sdk=iphoneos*]" = "iPhone Developer";
				COPY_PHASE_STRIP = NO;
				DEBUG_INFORMATION_FORMAT = "dwarf-with-dsym";
				ENABLE_NS_ASSERTIONS = NO;
				ENABLE_STRICT_OBJC_MSGSEND = YES;
				GCC_C_LANGUAGE_STANDARD = gnu99;
				GCC_NO_COMMON_BLOCKS = YES;
				GCC_WARN_64_TO_32_BIT_CONVERSION = YES;
				GCC_WARN_ABOUT_RETURN_TYPE = YES_ERROR;
				GCC_WARN_UNDECLARED_SELECTOR = YES;
				GCC_WARN_UNINITIALIZED_AUTOS = YES_AGGRESSIVE;
				GCC_WARN_UNUSED_FUNCTION = YES;
				GCC_WARN_UNUSED_VARIABLE = YES;
				IPHONEOS_DEPLOYMENT_TARGET = 8.3;
				MTL_ENABLE_DEBUG_INFO = NO;
				SDKROOT = iphoneos;
				VALIDATE_PRODUCT = YES;
			};
			name = Release;
		};
		05257DBF1B10E796006354A6 /* Debug */ = {
			isa = XCBuildConfiguration;
			buildSettings = {
				ASSETCATALOG_COMPILER_APPICON_NAME = AppIcon;
				ASSETCATALOG_COMPILER_LAUNCHIMAGE_NAME = LaunchImage;
				CODE_SIGN_IDENTITY = "iPhone Developer";
				INFOPLIST_FILE = DGActivityIndicatorExample/Info.plist;
				IPHONEOS_DEPLOYMENT_TARGET = 7.0;
				LD_RUNPATH_SEARCH_PATHS = "$(inherited) @executable_path/Frameworks";
				PRODUCT_BUNDLE_IDENTIFIER = com.danilgontovnik.DGActivityIndicatorExample;
				PRODUCT_NAME = "$(TARGET_NAME)";
			};
			name = Debug;
		};
		05257DC01B10E796006354A6 /* Release */ = {
			isa = XCBuildConfiguration;
			buildSettings = {
				ASSETCATALOG_COMPILER_APPICON_NAME = AppIcon;
				ASSETCATALOG_COMPILER_LAUNCHIMAGE_NAME = LaunchImage;
				CODE_SIGN_IDENTITY = "iPhone Developer";
				INFOPLIST_FILE = DGActivityIndicatorExample/Info.plist;
				IPHONEOS_DEPLOYMENT_TARGET = 7.0;
				LD_RUNPATH_SEARCH_PATHS = "$(inherited) @executable_path/Frameworks";
				PRODUCT_BUNDLE_IDENTIFIER = com.danilgontovnik.DGActivityIndicatorExample;
				PRODUCT_NAME = "$(TARGET_NAME)";
			};
			name = Release;
		};
		05257DC21B10E796006354A6 /* Debug */ = {
			isa = XCBuildConfiguration;
			buildSettings = {
				BUNDLE_LOADER = "$(TEST_HOST)";
				FRAMEWORK_SEARCH_PATHS = (
					"$(SDKROOT)/Developer/Library/Frameworks",
					"$(inherited)",
				);
				GCC_PREPROCESSOR_DEFINITIONS = (
					"DEBUG=1",
					"$(inherited)",
				);
				INFOPLIST_FILE = DGActivityIndicatorExampleTests/Info.plist;
				LD_RUNPATH_SEARCH_PATHS = "$(inherited) @executable_path/Frameworks @loader_path/Frameworks";
				PRODUCT_BUNDLE_IDENTIFIER = "com.gatafan.$(PRODUCT_NAME:rfc1034identifier)";
				PRODUCT_NAME = "$(TARGET_NAME)";
				TEST_HOST = "$(BUILT_PRODUCTS_DIR)/DGActivityIndicatorExample.app/DGActivityIndicatorExample";
			};
			name = Debug;
		};
		05257DC31B10E796006354A6 /* Release */ = {
			isa = XCBuildConfiguration;
			buildSettings = {
				BUNDLE_LOADER = "$(TEST_HOST)";
				FRAMEWORK_SEARCH_PATHS = (
					"$(SDKROOT)/Developer/Library/Frameworks",
					"$(inherited)",
				);
				INFOPLIST_FILE = DGActivityIndicatorExampleTests/Info.plist;
				LD_RUNPATH_SEARCH_PATHS = "$(inherited) @executable_path/Frameworks @loader_path/Frameworks";
				PRODUCT_BUNDLE_IDENTIFIER = "com.gatafan.$(PRODUCT_NAME:rfc1034identifier)";
				PRODUCT_NAME = "$(TARGET_NAME)";
				TEST_HOST = "$(BUILT_PRODUCTS_DIR)/DGActivityIndicatorExample.app/DGActivityIndicatorExample";
			};
			name = Release;
		};
/* End XCBuildConfiguration section */

/* Begin XCConfigurationList section */
		05257D961B10E796006354A6 /* Build configuration list for PBXProject "DGActivityIndicatorExample" */ = {
			isa = XCConfigurationList;
			buildConfigurations = (
				05257DBC1B10E796006354A6 /* Debug */,
				05257DBD1B10E796006354A6 /* Release */,
			);
			defaultConfigurationIsVisible = 0;
			defaultConfigurationName = Release;
		};
		05257DBE1B10E796006354A6 /* Build configuration list for PBXNativeTarget "DGActivityIndicatorExample" */ = {
			isa = XCConfigurationList;
			buildConfigurations = (
				05257DBF1B10E796006354A6 /* Debug */,
				05257DC01B10E796006354A6 /* Release */,
			);
			defaultConfigurationIsVisible = 0;
			defaultConfigurationName = Release;
		};
		05257DC11B10E796006354A6 /* Build configuration list for PBXNativeTarget "DGActivityIndicatorExampleTests" */ = {
			isa = XCConfigurationList;
			buildConfigurations = (
				05257DC21B10E796006354A6 /* Debug */,
				05257DC31B10E796006354A6 /* Release */,
			);
			defaultConfigurationIsVisible = 0;
			defaultConfigurationName = Release;
		};
/* End XCConfigurationList section */
	};
	rootObject = 05257D931B10E796006354A6 /* Project object */;
}
